# ray.lock — locked versions and hashes of the dependencies (generated by 'ray').
# Committed to the repository. Do not edit by hand.

[db]
url = "https://github.com/ray-language/db"
ref = "v0.4.0"
commit = "99f8782c77d9cc374ef144df08e19a2af1c0d845"
hash = "sha256:ba49ff2da72476510c7e0dde26130cefeaace33dc6f606d1bd0b8c6a9f0f61da"

[net]
url = "https://github.com/ray-language/net"
ref = "v0.7.0"
commit = "0452a6d26244d6156785351761a8bf047339e441"
hash = "sha256:80c7df15c674d8fb01b52e48f97520f80a90b84591f6f488a8c3a515d5557a77"

[web]
url = "https://github.com/ray-language/web"
ref = "v0.6.0"
commit = "1d8329c88ac8052b4e7e3f2b8981e91d40915da6"
hash = "sha256:793daa54742fb3bb562aa568079e4ac3b6d93e452d774959533fecfd20f3fa7b"
