# ray.lock — locked versions and hashes of the dependencies (generated by 'ray').
# Committed to the repository. Do not edit by hand.

[agent]
url = "https://github.com/ray-language/agent"
ref = "v0.2.0"
commit = "7469b1ff813757270417cf1a04d0e644f19b7aec"
hash = "sha256:9ebe1e2b9aac2bc89cbaac7ac49e2e84256ce69ad1365afcf75c91a1a34760db"

[llm]
url = "https://github.com/ray-language/llm"
ref = "v0.2.0"
commit = "b2d024e1288c5a6fbca4d5af3ea16a6e62301015"
hash = "sha256:1bb664c2a05bc7d923234daf8bc891fb270b46d0a48617b0f9706eec5d0bcead"

[mcp]
url = "https://github.com/ray-language/mcp"
ref = "v0.2.0"
commit = "ca49547238ac55e665c4703ebec5ed77bf407ff2"
hash = "sha256:51d7d59709a46e2e03152719d13e94b5fce72d82e377efca5f83b87e7bc9857e"

[net]
url = "https://github.com/ray-language/net"
ref = "v0.6.0"
commit = "a7b1d4d3e582da04ddbe4611f08eabd38094bc87"
hash = "sha256:a909f82a3aafc3a94b7cb4d67e82b5c669e68659c44bd30631da7467cac22ff2"
