# ray.lock — locked versions and hashes of the dependencies (generated by 'ray').
# Committed to the repository. Do not edit by hand.

[net]
url = "https://github.com/ray-language/net"
ref = "v0.5.0"
commit = "994186affdf77428330d80c10c52c95613048c94"
hash = "sha256:6cef1b75f15867b853d1ad6aa045c7d993ae7598642732c99998d777b4ed0722"

[web]
url = "https://github.com/ray-language/web"
ref = "v0.4.6"
commit = "61c9ac00119f4a3ecd72c85b04989d1efb90f084"
hash = "sha256:197ac40293a7da097843d0b90be4ad4381e0d96807aa18878af451fcf54c5d69"
