# ray.lock — locked versions and hashes of the dependencies (generated by 'ray').
# Committed to the repository. Do not edit by hand.

[net]
url = "https://github.com/ray-language/net"
ref = "v0.6.0"
commit = "a7b1d4d3e582da04ddbe4611f08eabd38094bc87"
hash = "sha256:a909f82a3aafc3a94b7cb4d67e82b5c669e68659c44bd30631da7467cac22ff2"

[web]
url = "https://github.com/ray-language/web"
ref = "v0.5.0"
commit = "8ee9212be2a3aa2bbd4ea54b3d6303632771c6e7"
hash = "sha256:b34ddaba5ee5a46e40818c5c02091517801dae76b6357bd7d5b8545758672379"
