# ray.lock — locked versions and hashes of the dependencies (generated by 'ray').
# Committed to the repository. Do not edit by hand.

[net]
url = "https://github.com/ray-language/net"
ref = "v0.8.0"
commit = "ee5e3a1d336ee77d2bae810c83345c5953c0ec3f"
hash = "sha256:3f2f70ad976ebe70fc6663f604cda94abc88e6c99840a5433d7917b3f0d81199"

[web]
url = "https://github.com/ray-language/web"
ref = "v0.6.0"
commit = "1d8329c88ac8052b4e7e3f2b8981e91d40915da6"
hash = "sha256:793daa54742fb3bb562aa568079e4ac3b6d93e452d774959533fecfd20f3fa7b"
