# ray.lock — locked versions and hashes of the dependencies (generated by 'ray').
# Committed to the repository. Do not edit by hand.

[net]
url = "https://github.com/ray-language/net"
ref = "v0.9.0"
commit = "286fac8efa9b62d175665209d447971d6e71a251"
hash = "sha256:219fbfad787bcf62c16c3d5dce82c1d58b3257bd26e5d1cbb7b72aedf6b06860"

[web]
url = "https://github.com/ray-language/web"
ref = "v0.6.0"
commit = "1d8329c88ac8052b4e7e3f2b8981e91d40915da6"
hash = "sha256:793daa54742fb3bb562aa568079e4ac3b6d93e452d774959533fecfd20f3fa7b"
