# ray.lock — locked versions and hashes of the dependencies (generated by 'ray').
# Committed to the repository. Do not edit by hand.

[net]
url = "https://github.com/ray-language/net"
ref = "v0.10.0"
commit = "3c3f4e902249376064e26295ff1a473a7143d1fa"
hash = "sha256:92838299ab647217cb96118e3b5f9d128fc2296da9002c5c0c310a88b3884c72"

[web]
url = "https://github.com/ray-language/web"
ref = "v0.6.0"
commit = "1d8329c88ac8052b4e7e3f2b8981e91d40915da6"
hash = "sha256:793daa54742fb3bb562aa568079e4ac3b6d93e452d774959533fecfd20f3fa7b"
