# ray.lock — locked versions and hashes of the dependencies (generated by 'ray').
# Committed to the repository. Do not edit by hand.

[db]
url = "https://github.com/ray-language/db"
ref = "v0.5.0"
commit = "a67c40b0039567f9d558b885b3270ad64bd77a7e"
hash = "sha256:da8bed4534b4ab0d9e0886e34391de1dec0974066d149609de4031ca9b6a5bc2"

[net]
url = "https://github.com/ray-language/net"
ref = "v0.8.0"
commit = "ee5e3a1d336ee77d2bae810c83345c5953c0ec3f"
hash = "sha256:3f2f70ad976ebe70fc6663f604cda94abc88e6c99840a5433d7917b3f0d81199"
