# ray.lock — locked versions and hashes of the dependencies (generated by 'ray').
# Committed to the repository. Do not edit by hand.

[db]
url = "https://github.com/ray-language/db"
ref = "v0.3.0"
commit = "fab7ffed8d65e488b56aa07c8189c39aa366520f"
hash = "sha256:959272e28d7ae150ca0c4d5c82d7f4aeaba97ceb0613556fe2d013076d8df92e"

[net]
url = "https://github.com/ray-language/net"
ref = "v0.6.0"
commit = "a7b1d4d3e582da04ddbe4611f08eabd38094bc87"
hash = "sha256:a909f82a3aafc3a94b7cb4d67e82b5c669e68659c44bd30631da7467cac22ff2"
